
Microsoft Visual Studio Solution File, Format Version 12.00
# Visual Studio Version 17
VisualStudioVersion = 17.4.33213.308
MinimumVisualStudioVersion = 10.0.40219.1
Project("{FAE04EC0-301F-11D3-BF4B-00C04F79EFBC}") = "Lab03_Classwork", "Lab03_Classwork\Lab03_Classwork.csproj", "{F66C101E-DD3F-4DE4-8807-FB9596E6BC10}"
EndProject
Global
	GlobalSection(SolutionConfigurationPlatforms) = preSolution
		Debug|Any CPU = Debug|Any CPU
		Release|Any CPU = Release|Any CPU
	EndGlobalSection
	GlobalSection(ProjectConfigurationPlatforms) = postSolution
		{F66C101E-DD3F-4DE4-8807-FB9596E6BC10}.Debug|Any CPU.ActiveCfg = Debug|Any CPU
		{F66C101E-DD3F-4DE4-8807-FB9596E6BC10}.Debug|Any CPU.Build.0 = Debug|Any CPU
		{F66C101E-DD3F-4DE4-8807-FB9596E6BC10}.Release|Any CPU.ActiveCfg = Release|Any CPU
		{F66C101E-DD3F-4DE4-8807-FB9596E6BC10}.Release|Any CPU.Build.0 = Release|Any CPU
	EndGlobalSection
	GlobalSection(SolutionProperties) = preSolution
		HideSolutionNode = FALSE
	EndGlobalSection
	GlobalSection(ExtensibilityGlobals) = postSolution
		SolutionGuid = {E5E6C7CF-8291-4085-B860-B782F1A71C04}
	EndGlobalSection
EndGlobal
